// !$*UTF8*$!
{
	archiveVersion = 1;
	classes = {
	};
	objectVersion = 50;
	objects = {

/* Begin PBXBuildFile section */
		AB48A17D232526B1000C2AF8 /* AppDelegate.swift in Sources */ = {isa = PBXBuildFile; fileRef = AB48A17C232526B1000C2AF8 /* AppDelegate.swift */; };
		AB48A17F232526B1000C2AF8 /* ViewController.swift in Sources */ = {isa = PBXBuildFile; fileRef = AB48A17E232526B1000C2AF8 /* ViewController.swift */; };
		AB48A182232526B1000C2AF8 /* Main.storyboard in Resources */ = {isa = PBXBuildFile; fileRef = AB48A180232526B1000C2AF8 /* Main.storyboard */; };
		AB48A184232526B2000C2AF8 /* Assets.xcassets in Resources */ = {isa = PBXBuildFile; fileRef = AB48A183232526B2000C2AF8 /* Assets.xcassets */; };
		AB48A187232526B2000C2AF8 /* LaunchScreen.storyboard in Resources */ = {isa = PBXBuildFile; fileRef = AB48A185232526B2000C2AF8 /* LaunchScreen.storyboard */; };
		AB48A197232528AF000C2AF8 /* 01.png in Resources */ = {isa = PBXBuildFile; fileRef = AB48A194232528AF000C2AF8 /* 01.png */; };
		AB48A198232528AF000C2AF8 /* 03.png in Resources */ = {isa = PBXBuildFile; fileRef = AB48A195232528AF000C2AF8 /* 03.png */; };
		AB48A199232528AF000C2AF8 /* 02.png in Resources */ = {isa = PBXBuildFile; fileRef = AB48A196232528AF000C2AF8 /* 02.png */; };
/* End PBXBuildFile section */

/* Begin PBXFileReference section */
		AB48A179232526B1000C2AF8 /* albumArray.app */ = {isa = PBXFileReference; explicitFileType = wrapper.application; includeInIndex = 0; path = albumArray.app; sourceTree = BUILT_PRODUCTS_DIR; };
		AB48A17C232526B1000C2AF8 /* AppDelegate.swift */ = {isa = PBXFileReference; lastKnownFileType = sourcecode.swift; path = AppDelegate.swift; sourceTree = "<group>"; };
		AB48A17E232526B1000C2AF8 /* ViewController.swift */ = {isa = PBXFileReference; lastKnownFileType = sourcecode.swift; path = ViewController.swift; sourceTree = "<group>"; };
		AB48A181232526B1000C2AF8 /* Base */ = {isa = PBXFileReference; lastKnownFileType = file.storyboard; name = Base; path = Base.lproj/Main.storyboard; sourceTree = "<group>"; };
		AB48A183232526B2000C2AF8 /* Assets.xcassets */ = {isa = PBXFileReference; lastKnownFileType = folder.assetcatalog; path = Assets.xcassets; sourceTree = "<group>"; };
		AB48A186232526B2000C2AF8 /* Base */ = {isa = PBXFileReference; lastKnownFileType = file.storyboard; name = Base; path = Base.lproj/LaunchScreen.storyboard; sourceTree = "<group>"; };
		AB48A188232526B2000C2AF8 /* Info.plist */ = {isa = PBXFileReference; lastKnownFileType = text.plist.xml; path = Info.plist; sourceTree = "<group>"; };
		AB48A194232528AF000C2AF8 /* 01.png */ = {isa = PBXFileReference; lastKnownFileType = image.png; path = 01.png; sourceTree = "<group>"; };
		AB48A195232528AF000C2AF8 /* 03.png */ = {isa = PBXFileReference; lastKnownFileType = image.png; path = 03.png; sourceTree = "<group>"; };
		AB48A196232528AF000C2AF8 /* 02.png */ = {isa = PBXFileReference; lastKnownFileType = image.png; path = 02.png; sourceTree = "<group>"; };
/* End PBXFileReference section */

/* Begin PBXFrameworksBuildPhase section */
		AB48A176232526B1000C2AF8 /* Frameworks */ = {
			isa = PBXFrameworksBuildPhase;
			buildActionMask = 2147483647;
			files = (
			);
			runOnlyForDeploymentPostprocessing = 0;
		};
/* End PBXFrameworksBuildPhase section */

/* Begin PBXGroup section */
		AB48A170232526B1000C2AF8 = {
			isa = PBXGroup;
			children = (
				AB48A17B232526B1000C2AF8 /* albumArray */,
				AB48A17A232526B1000C2AF8 /* Products */,
			);
			sourceTree = "<group>";
		};
		AB48A17A232526B1000C2AF8 /* Products */ = {
			isa = PBXGroup;
			children = (
				AB48A179232526B1000C2AF8 /* albumArray.app */,
			);
			name = Products;
			sourceTree = "<group>";
		};
		AB48A17B232526B1000C2AF8 /* albumArray */ = {
			isa = PBXGroup;
			children = (
				AB48A194232528AF000C2AF8 /* 01.png */,
				AB48A196232528AF000C2AF8 /* 02.png */,
				AB48A195232528AF000C2AF8 /* 03.png */,
				AB48A17C232526B1000C2AF8 /* AppDelegate.swift */,
				AB48A17E232526B1000C2AF8 /* ViewController.swift */,
				AB48A180232526B1000C2AF8 /* Main.storyboard */,
				AB48A183232526B2000C2AF8 /* Assets.xcassets */,
				AB48A185232526B2000C2AF8 /* LaunchScreen.storyboard */,
				AB48A188232526B2000C2AF8 /* Info.plist */,
			);
			path = albumArray;
			sourceTree = "<group>";
		};
/* End PBXGroup section */

/* Begin PBXNativeTarget section */
		AB48A178232526B1000C2AF8 /* albumArray */ = {
			isa = PBXNativeTarget;
			buildConfigurationList = AB48A18B232526B2000C2AF8 /* Build configuration list for PBXNativeTarget "albumArray" */;
			buildPhases = (
				AB48A175232526B1000C2AF8 /* Sources */,
				AB48A176232526B1000C2AF8 /* Frameworks */,
				AB48A177232526B1000C2AF8 /* Resources */,
			);
			buildRules = (
			);
			dependencies = (
			);
			name = albumArray;
			productName = albumArray;
			productReference = AB48A179232526B1000C2AF8 /* albumArray.app */;
			productType = "com.apple.product-type.application";
		};
/* End PBXNativeTarget section */

/* Begin PBXProject section */
		AB48A171232526B1000C2AF8 /* Project object */ = {
			isa = PBXProject;
			attributes = {
				LastSwiftUpdateCheck = 1030;
				LastUpgradeCheck = 1030;
				ORGANIZATIONNAME = "Seung-Bo Hong";
				TargetAttributes = {
					AB48A178232526B1000C2AF8 = {
						CreatedOnToolsVersion = 10.3;
					};
				};
			};
			buildConfigurationList = AB48A174232526B1000C2AF8 /* Build configuration list for PBXProject "albumArray" */;
			compatibilityVersion = "Xcode 9.3";
			developmentRegion = en;
			hasScannedForEncodings = 0;
			knownRegions = (
				en,
				Base,
			);
			mainGroup = AB48A170232526B1000C2AF8;
			productRefGroup = AB48A17A232526B1000C2AF8 /* Products */;
			projectDirPath = "";
			projectRoot = "";
			targets = (
				AB48A178232526B1000C2AF8 /* albumArray */,
			);
		};
/* End PBXProject section */

/* Begin PBXResourcesBuildPhase section */
		AB48A177232526B1000C2AF8 /* Resources */ = {
			isa = PBXResourcesBuildPhase;
			buildActionMask = 2147483647;
			files = (
				AB48A198232528AF000C2AF8 /* 03.png in Resources */,
				AB48A187232526B2000C2AF8 /* LaunchScreen.storyboard in Resources */,
				AB48A184232526B2000C2AF8 /* Assets.xcassets in Resources */,
				AB48A197232528AF000C2AF8 /* 01.png in Resources */,
				AB48A182232526B1000C2AF8 /* Main.storyboard in Resources */,
				AB48A199232528AF000C2AF8 /* 02.png in Resources */,
			);
			runOnlyForDeploymentPostprocessing = 0;
		};
/* End PBXResourcesBuildPhase section */

/* Begin PBXSourcesBuildPhase section */
		AB48A175232526B1000C2AF8 /* Sources */ = {
			isa = PBXSourcesBuildPhase;
			buildActionMask = 2147483647;
			files = (
				AB48A17F232526B1000C2AF8 /* ViewController.swift in Sources */,
				AB48A17D232526B1000C2AF8 /* AppDelegate.swift in Sources */,
			);
			runOnlyForDeploymentPostprocessing = 0;
		};
/* End PBXSourcesBuildPhase section */

/* Begin PBXVariantGroup section */
		AB48A180232526B1000C2AF8 /* Main.storyboard */ = {
			isa = PBXVariantGroup;
			children = (
				AB48A181232526B1000C2AF8 /* Base */,
			);
			name = Main.storyboard;
			sourceTree = "<group>";
		};
		AB48A185232526B2000C2AF8 /* LaunchScreen.storyboard */ = {
			isa = PBXVariantGroup;
			children = (
				AB48A186232526B2000C2AF8 /* Base */,
			);
			name = LaunchScreen.storyboard;
			sourceTree = "<group>";
		};
/* End PBXVariantGroup section */

/* Begin XCBuildConfiguration section */
		AB48A189232526B2000C2AF8 /* Debug */ = {
			isa = XCBuildConfiguration;
			buildSettings = {
				ALWAYS_SEARCH_USER_PATHS = NO;
				CLANG_ANALYZER_NONNULL = YES;
				CLANG_ANALYZER_NUMBER_OBJECT_CONVERSION = YES_AGGRESSIVE;
				CLANG_CXX_LANGUAGE_STANDARD = "gnu++14";
				CLANG_CXX_LIBRARY = "libc++";
				CLANG_ENABLE_MODULES = YES;
				CLANG_ENABLE_OBJC_ARC = YES;
				CLANG_ENABLE_OBJC_WEAK = YES;
				CLANG_WARN_BLOCK_CAPTURE_AUTORELEASING = YES;
				CLANG_WARN_BOOL_CONVERSION = YES;
				CLANG_WARN_COMMA = YES;
				CLANG_WARN_CONSTANT_CONVERSION = YES;
				CLANG_WARN_DEPRECATED_OBJC_IMPLEMENTATIONS = YES;
				CLANG_WARN_DIRECT_OBJC_ISA_USAGE = YES_ERROR;
				CLANG_WARN_DOCUMENTATION_COMMENTS = YES;
				CLANG_WARN_EMPTY_BODY = YES;
				CLANG_WARN_ENUM_CONVERSION = YES;
				CLANG_WARN_INFINITE_RECURSION = YES;
				CLANG_WARN_INT_CONVERSION = YES;
				CLANG_WARN_NON_LITERAL_NULL_CONVERSION = YES;
				CLANG_WARN_OBJC_IMPLICIT_RETAIN_SELF = YES;
				CLANG_WARN_OBJC_LITERAL_CONVERSION = YES;
				CLANG_WARN_OBJC_ROOT_CLASS = YES_ERROR;
				CLANG_WARN_RANGE_LOOP_ANALYSIS = YES;
				CLANG_WARN_STRICT_PROTOTYPES = YES;
				CLANG_WARN_SUSPICIOUS_MOVE = YES;
				CLANG_WARN_UNGUARDED_AVAILABILITY = YES_AGGRESSIVE;
				CLANG_WARN_UNREACHABLE_CODE = YES;
				CLANG_WARN__DUPLICATE_METHOD_MATCH = YES;
				CODE_SIGN_IDENTITY = "iPhone Developer";
				COPY_PHASE_STRIP = NO;
				DEBUG_INFORMATION_FORMAT = dwarf;
				ENABLE_STRICT_OBJC_MSGSEND = YES;
				ENABLE_TESTABILITY = YES;
				GCC_C_LANGUAGE_STANDARD = gnu11;
				GCC_DYNAMIC_NO_PIC = NO;
				GCC_NO_COMMON_BLOCKS = YES;
				GCC_OPTIMIZATION_LEVEL = 0;
				GCC_PREPROCESSOR_DEFINITIONS = (
					"DEBUG=1",
					"$(inherited)",
				);
				GCC_WARN_64_TO_32_BIT_CONVERSION = YES;
				GCC_WARN_ABOUT_RETURN_TYPE = YES_ERROR;
				GCC_WARN_UNDECLARED_SELECTOR = YES;
				GCC_WARN_UNINITIALIZED_AUTOS = YES_AGGRESSIVE;
				GCC_WARN_UNUSED_FUNCTION = YES;
				GCC_WARN_UNUSED_VARIABLE = YES;
				IPHONEOS_DEPLOYMENT_TARGET = 12.4;
				MTL_ENABLE_DEBUG_INFO = INCLUDE_SOURCE;
				MTL_FAST_MATH = YES;
				ONLY_ACTIVE_ARCH = YES;
				SDKROOT = iphoneos;
				SWIFT_ACTIVE_COMPILATION_CONDITIONS = DEBUG;
				SWIFT_OPTIMIZATION_LEVEL = "-Onone";
			};
			name = Debug;
		};
		AB48A18A232526B2000C2AF8 /* Release */ = {
			isa = XCBuildConfiguration;
			buildSettings = {
				ALWAYS_SEARCH_USER_PATHS = NO;
				CLANG_ANALYZER_NONNULL = YES;
				CLANG_ANALYZER_NUMBER_OBJECT_CONVERSION = YES_AGGRESSIVE;
				CLANG_CXX_LANGUAGE_STANDARD = "gnu++14";
				CLANG_CXX_LIBRARY = "libc++";
				CLANG_ENABLE_MODULES = YES;
				CLANG_ENABLE_OBJC_ARC = YES;
				CLANG_ENABLE_OBJC_WEAK = YES;
				CLANG_WARN_BLOCK_CAPTURE_AUTORELEASING = YES;
				CLANG_WARN_BOOL_CONVERSION = YES;
				CLANG_WARN_COMMA = YES;
				CLANG_WARN_CONSTANT_CONVERSION = YES;
				CLANG_WARN_DEPRECATED_OBJC_IMPLEMENTATIONS = YES;
				CLANG_WARN_DIRECT_OBJC_ISA_USAGE = YES_ERROR;
				CLANG_WARN_DOCUMENTATION_COMMENTS = YES;
				CLANG_WARN_EMPTY_BODY = YES;
				CLANG_WARN_ENUM_CONVERSION = YES;
				CLANG_WARN_INFINITE_RECURSION = YES;
				CLANG_WARN_INT_CONVERSION = YES;
				CLANG_WARN_NON_LITERAL_NULL_CONVERSION = YES;
				CLANG_WARN_OBJC_IMPLICIT_RETAIN_SELF = YES;
				CLANG_WARN_OBJC_LITERAL_CONVERSION = YES;
				CLANG_WARN_OBJC_ROOT_CLASS = YES_ERROR;
				CLANG_WARN_RANGE_LOOP_ANALYSIS = YES;
				CLANG_WARN_STRICT_PROTOTYPES = YES;
				CLANG_WARN_SUSPICIOUS_MOVE = YES;
				CLANG_WARN_UNGUARDED_AVAILABILITY = YES_AGGRESSIVE;
				CLANG_WARN_UNREACHABLE_CODE = YES;
				CLANG_WARN__DUPLICATE_METHOD_MATCH = YES;
				CODE_SIGN_IDENTITY = "iPhone Developer";
				COPY_PHASE_STRIP = NO;
				DEBUG_INFORMATION_FORMAT = "dwarf-with-dsym";
				ENABLE_NS_ASSERTIONS = NO;
				ENABLE_STRICT_OBJC_MSGSEND = YES;
				GCC_C_LANGUAGE_STANDARD = gnu11;
				GCC_NO_COMMON_BLOCKS = YES;
				GCC_WARN_64_TO_32_BIT_CONVERSION = YES;
				GCC_WARN_ABOUT_RETURN_TYPE = YES_ERROR;
				GCC_WARN_UNDECLARED_SELECTOR = YES;
				GCC_WARN_UNINITIALIZED_AUTOS = YES_AGGRESSIVE;
				GCC_WARN_UNUSED_FUNCTION = YES;
				GCC_WARN_UNUSED_VARIABLE = YES;
				IPHONEOS_DEPLOYMENT_TARGET = 12.4;
				MTL_ENABLE_DEBUG_INFO = NO;
				MTL_FAST_MATH = YES;
				SDKROOT = iphoneos;
				SWIFT_COMPILATION_MODE = wholemodule;
				SWIFT_OPTIMIZATION_LEVEL = "-O";
				VALIDATE_PRODUCT = YES;
			};
			name = Release;
		};
		AB48A18C232526B2000C2AF8 /* Debug */ = {
			isa = XCBuildConfiguration;
			buildSettings = {
				ASSETCATALOG_COMPILER_APPICON_NAME = AppIcon;
				CODE_SIGN_STYLE = Automatic;
				INFOPLIST_FILE = albumArray/Info.plist;
				LD_RUNPATH_SEARCH_PATHS = (
					"$(inherited)",
					"@executable_path/Frameworks",
				);
				PRODUCT_BUNDLE_IDENTIFIER = net.macnpc.albumArray;
				PRODUCT_NAME = "$(TARGET_NAME)";
				SWIFT_VERSION = 5.0;
				TARGETED_DEVICE_FAMILY = "1,2";
			};
			name = Debug;
		};
		AB48A18D232526B2000C2AF8 /* Release */ = {
			isa = XCBuildConfiguration;
			buildSettings = {
				ASSETCATALOG_COMPILER_APPICON_NAME = AppIcon;
				CODE_SIGN_STYLE = Automatic;
				INFOPLIST_FILE = albumArray/Info.plist;
				LD_RUNPATH_SEARCH_PATHS = (
					"$(inherited)",
					"@executable_path/Frameworks",
				);
				PRODUCT_BUNDLE_IDENTIFIER = net.macnpc.albumArray;
				PRODUCT_NAME = "$(TARGET_NAME)";
				SWIFT_VERSION = 5.0;
				TARGETED_DEVICE_FAMILY = "1,2";
			};
			name = Release;
		};
/* End XCBuildConfiguration section */

/* Begin XCConfigurationList section */
		AB48A174232526B1000C2AF8 /* Build configuration list for PBXProject "albumArray" */ = {
			isa = XCConfigurationList;
			buildConfigurations = (
				AB48A189232526B2000C2AF8 /* Debug */,
				AB48A18A232526B2000C2AF8 /* Release */,
			);
			defaultConfigurationIsVisible = 0;
			defaultConfigurationName = Release;
		};
		AB48A18B232526B2000C2AF8 /* Build configuration list for PBXNativeTarget "albumArray" */ = {
			isa = XCConfigurationList;
			buildConfigurations = (
				AB48A18C232526B2000C2AF8 /* Debug */,
				AB48A18D232526B2000C2AF8 /* Release */,
			);
			defaultConfigurationIsVisible = 0;
			defaultConfigurationName = Release;
		};
/* End XCConfigurationList section */
	};
	rootObject = AB48A171232526B1000C2AF8 /* Project object */;
}
